<?xml version="1.0" encoding="utf-8"?>
<Project ToolsVersion="4.0" xmlns="http://schemas.microsoft.com/developer/msbuild/2003">
  <ItemGroup>
    <Filter Include="Source Files">
      <UniqueIdentifier>{4FC737F1-C7A5-4376-A066-2A32D752A2FF}</UniqueIdentifier>
      <Extensions>cpp;c;cc;cxx;def;odl;idl;hpj;bat;asm;asmx</Extensions>
    </Filter>
    <Filter Include="Header Files">
      <UniqueIdentifier>{93995380-89BD-4b04-88EB-625FBE52EBFB}</UniqueIdentifier>
      <Extensions>h;hpp;hxx;hm;inl;inc;xsd</Extensions>
    </Filter>
    <Filter Include="Resource Files">
      <UniqueIdentifier>{67DA6AB6-F800-4c08-8B7A-83BB121AAD01}</UniqueIdentifier>
      <Extensions>rc;ico;cur;bmp;dlg;rc2;rct;bin;rgs;gif;jpg;jpeg;jpe;resx;tiff;tif;png;wav;mfcribbon-ms</Extensions>
    </Filter>
  </ItemGroup>
  <ItemGroup>
    <ClCompile Include="..\My Operating System\kernel_entry.cpp">
      <Filter>Source Files</Filter>
    </ClCompile>
    <ClCompile Include="..\My Operating System\pagetable.cpp">
      <Filter>Source Files</Filter>
    </ClCompile>
    <ClCompile Include="..\My Operating System\physical_memorymgr.cpp">
      <Filter>Source Files</Filter>
    </ClCompile>
    <ClCompile Include="..\My Operating System\floppy.cpp">
      <Filter>Source Files</Filter>
    </ClCompile>
    <ClCompile Include="..\My Operating System\ports.cpp">
      <Filter>Source Files</Filter>
    </ClCompile>
    <ClCompile Include="..\My Operating System\hal.cpp">
      <Filter>Source Files</Filter>
    </ClCompile>
    <ClCompile Include="..\My Operating System\dma.cpp">
      <Filter>Source Files</Filter>
    </ClCompile>
    <ClCompile Include="..\My Operating System\PIC8259A.cpp">
      <Filter>Source Files</Filter>
    </ClCompile>
    <ClCompile Include="..\My Operating System\PIT8253.cpp">
      <Filter>Source Files</Filter>
    </ClCompile>
    <ClCompile Include="..\My Operating System\gdt.cpp">
      <Filter>Source Files</Filter>
    </ClCompile>
    <ClCompile Include="..\My Operating System\idt.cpp">
      <Filter>Source Files</Filter>
    </ClCompile>
    <ClCompile Include="..\My Operating System\filesystem.cpp">
      <Filter>Source Files</Filter>
    </ClCompile>
    <ClCompile Include="..\My Operating System\syscall.cpp">
      <Filter>Source Files</Filter>
    </ClCompile>
  </ItemGroup>
  <ItemGroup>
    <ClInclude Include="..\My Operating System\pagetable.h">
      <Filter>Header Files</Filter>
    </ClInclude>
    <ClInclude Include="..\My Operating System\physical_memorymgr.h">
      <Filter>Header Files</Filter>
    </ClInclude>
    <ClInclude Include="..\My Operating System\multiboot.h">
      <Filter>Header Files</Filter>
    </ClInclude>
    <ClInclude Include="..\My Operating System\floppy.h">
      <Filter>Header Files</Filter>
    </ClInclude>
    <ClInclude Include="..\My Operating System\ports.h">
      <Filter>Header Files</Filter>
    </ClInclude>
    <ClInclude Include="..\My Operating System\dma.h">
      <Filter>Header Files</Filter>
    </ClInclude>
    <ClInclude Include="..\My Operating System\PIC8259A.h">
      <Filter>Header Files</Filter>
    </ClInclude>
    <ClInclude Include="..\My Operating System\hal.h">
      <Filter>Header Files</Filter>
    </ClInclude>
    <ClInclude Include="..\My Operating System\PIT8253.h">
      <Filter>Header Files</Filter>
    </ClInclude>
    <ClInclude Include="..\My Operating System\gdt.h">
      <Filter>Header Files</Filter>
    </ClInclude>
    <ClInclude Include="..\My Operating System\idt.h">
      <Filter>Header Files</Filter>
    </ClInclude>
    <ClInclude Include="..\My Operating System\filesystem.h">
      <Filter>Header Files</Filter>
    </ClInclude>
    <ClInclude Include="..\My Operating System\syscall.h">
      <Filter>Header Files</Filter>
    </ClInclude>
  </ItemGroup>
</Project>